
Microsoft Visual Studio Solution File, Format Version 12.00
# Visual Studio Version 17
VisualStudioVersion = 17.9.34607.119
MinimumVisualStudioVersion = 10.0.40219.1
Project("{FAE04EC0-301F-11D3-BF4B-00C04F79EFBC}") = "Assignment3 Prime Minister Dictionary", "Assignment3 Prime Minister Dictionary\Assignment3 Prime Minister Dictionary.csproj", "{B49DC30E-803A-48F4-8116-770BB78041D1}"
EndProject
Global
	GlobalSection(SolutionConfigurationPlatforms) = preSolution
		Debug|Any CPU = Debug|Any CPU
		Release|Any CPU = Release|Any CPU
	EndGlobalSection
	GlobalSection(ProjectConfigurationPlatforms) = postSolution
		{B49DC30E-803A-48F4-8116-770BB78041D1}.Debug|Any CPU.ActiveCfg = Debug|Any CPU
		{B49DC30E-803A-48F4-8116-770BB78041D1}.Debug|Any CPU.Build.0 = Debug|Any CPU
		{B49DC30E-803A-48F4-8116-770BB78041D1}.Release|Any CPU.ActiveCfg = Release|Any CPU
		{B49DC30E-803A-48F4-8116-770BB78041D1}.Release|Any CPU.Build.0 = Release|Any CPU
	EndGlobalSection
	GlobalSection(SolutionProperties) = preSolution
		HideSolutionNode = FALSE
	EndGlobalSection
	GlobalSection(ExtensibilityGlobals) = postSolution
		SolutionGuid = {EB50BC02-0398-49F1-AC1E-F1D3F39FC959}
	EndGlobalSection
EndGlobal
